
Microsoft Visual Studio Solution File, Format Version 12.00
# Visual Studio Version 17
VisualStudioVersion = 17.5.002.0
MinimumVisualStudioVersion = 10.0.40219.1
Project("{9A19103F-16F7-4668-BE54-9A1E7A4F7556}") = "starbank-api", "starbank-api.csproj", "{C5F1269F-D120-4B1E-88C8-82A9897CCFED}"
EndProject
Global
	GlobalSection(SolutionConfigurationPlatforms) = preSolution
		Debug|Any CPU = Debug|Any CPU
		Release|Any CPU = Release|Any CPU
	EndGlobalSection
	GlobalSection(ProjectConfigurationPlatforms) = postSolution
		{C5F1269F-D120-4B1E-88C8-82A9897CCFED}.Debug|Any CPU.ActiveCfg = Debug|Any CPU
		{C5F1269F-D120-4B1E-88C8-82A9897CCFED}.Debug|Any CPU.Build.0 = Debug|Any CPU
		{C5F1269F-D120-4B1E-88C8-82A9897CCFED}.Release|Any CPU.ActiveCfg = Release|Any CPU
		{C5F1269F-D120-4B1E-88C8-82A9897CCFED}.Release|Any CPU.Build.0 = Release|Any CPU
	EndGlobalSection
	GlobalSection(SolutionProperties) = preSolution
		HideSolutionNode = FALSE
	EndGlobalSection
	GlobalSection(ExtensibilityGlobals) = postSolution
		SolutionGuid = {209EEE4E-3DA6-4F1E-8E5A-B34544C327AE}
	EndGlobalSection
EndGlobal
